// !$*UTF8*$!
{
	archiveVersion = 1;
	classes = {
	};
	objectVersion = 50;
	objects = {

/* Begin PBXBuildFile section */
		4E8CAD5B267B90D900FA7F17 /* WickedTestApp.swift in Sources */ = {isa = PBXBuildFile; fileRef = 4E8CAD5A267B90D900FA7F17 /* WickedTestApp.swift */; };
		4E8CAD5D267B90D900FA7F17 /* ContentView.swift in Sources */ = {isa = PBXBuildFile; fileRef = 4E8CAD5C267B90D900FA7F17 /* ContentView.swift */; };
		4E8CAD5F267B90DB00FA7F17 /* Assets.xcassets in Resources */ = {isa = PBXBuildFile; fileRef = 4E8CAD5E267B90DB00FA7F17 /* Assets.xcassets */; };
		4E8CAD62267B90DB00FA7F17 /* Preview Assets.xcassets in Resources */ = {isa = PBXBuildFile; fileRef = 4E8CAD61267B90DB00FA7F17 /* Preview Assets.xcassets */; };
		4E8CAD6D267B965A00FA7F17 /* FeedView.swift in Sources */ = {isa = PBXBuildFile; fileRef = 4E8CAD6C267B965A00FA7F17 /* FeedView.swift */; };
/* End PBXBuildFile section */

/* Begin PBXFileReference section */
		4E8CAD57267B90D900FA7F17 /* WickedTest.app */ = {isa = PBXFileReference; explicitFileType = wrapper.application; includeInIndex = 0; path = WickedTest.app; sourceTree = BUILT_PRODUCTS_DIR; };
		4E8CAD5A267B90D900FA7F17 /* WickedTestApp.swift */ = {isa = PBXFileReference; lastKnownFileType = sourcecode.swift; path = WickedTestApp.swift; sourceTree = "<group>"; };
		4E8CAD5C267B90D900FA7F17 /* ContentView.swift */ = {isa = PBXFileReference; lastKnownFileType = sourcecode.swift; path = ContentView.swift; sourceTree = "<group>"; };
		4E8CAD5E267B90DB00FA7F17 /* Assets.xcassets */ = {isa = PBXFileReference; lastKnownFileType = folder.assetcatalog; path = Assets.xcassets; sourceTree = "<group>"; };
		4E8CAD61267B90DB00FA7F17 /* Preview Assets.xcassets */ = {isa = PBXFileReference; lastKnownFileType = folder.assetcatalog; path = "Preview Assets.xcassets"; sourceTree = "<group>"; };
		4E8CAD63267B90DB00FA7F17 /* Info.plist */ = {isa = PBXFileReference; lastKnownFileType = text.plist.xml; path = Info.plist; sourceTree = "<group>"; };
		4E8CAD6C267B965A00FA7F17 /* FeedView.swift */ = {isa = PBXFileReference; lastKnownFileType = sourcecode.swift; path = FeedView.swift; sourceTree = "<group>"; };
/* End PBXFileReference section */

/* Begin PBXFrameworksBuildPhase section */
		4E8CAD54267B90D900FA7F17 /* Frameworks */ = {
			isa = PBXFrameworksBuildPhase;
			buildActionMask = 2147483647;
			files = (
			);
			runOnlyForDeploymentPostprocessing = 0;
		};
/* End PBXFrameworksBuildPhase section */

/* Begin PBXGroup section */
		4E8CAD4E267B90D900FA7F17 = {
			isa = PBXGroup;
			children = (
				4E8CAD59267B90D900FA7F17 /* WickedTest */,
				4E8CAD58267B90D900FA7F17 /* Products */,
			);
			sourceTree = "<group>";
		};
		4E8CAD58267B90D900FA7F17 /* Products */ = {
			isa = PBXGroup;
			children = (
				4E8CAD57267B90D900FA7F17 /* WickedTest.app */,
			);
			name = Products;
			sourceTree = "<group>";
		};
		4E8CAD59267B90D900FA7F17 /* WickedTest */ = {
			isa = PBXGroup;
			children = (
				4E8CAD6B267B962500FA7F17 /* Model */,
				4E8CAD6A267B95E400FA7F17 /* ViewModels */,
				4E8CAD69267B95E000FA7F17 /* View */,
				4E8CAD5A267B90D900FA7F17 /* WickedTestApp.swift */,
				4E8CAD5E267B90DB00FA7F17 /* Assets.xcassets */,
				4E8CAD63267B90DB00FA7F17 /* Info.plist */,
				4E8CAD60267B90DB00FA7F17 /* Preview Content */,
			);
			path = WickedTest;
			sourceTree = "<group>";
		};
		4E8CAD60267B90DB00FA7F17 /* Preview Content */ = {
			isa = PBXGroup;
			children = (
				4E8CAD61267B90DB00FA7F17 /* Preview Assets.xcassets */,
			);
			path = "Preview Content";
			sourceTree = "<group>";
		};
		4E8CAD69267B95E000FA7F17 /* View */ = {
			isa = PBXGroup;
			children = (
				4E8CAD5C267B90D900FA7F17 /* ContentView.swift */,
				4E8CAD6C267B965A00FA7F17 /* FeedView.swift */,
			);
			path = View;
			sourceTree = "<group>";
		};
		4E8CAD6A267B95E400FA7F17 /* ViewModels */ = {
			isa = PBXGroup;
			children = (
			);
			path = ViewModels;
			sourceTree = "<group>";
		};
		4E8CAD6B267B962500FA7F17 /* Model */ = {
			isa = PBXGroup;
			children = (
			);
			path = Model;
			sourceTree = "<group>";
		};
/* End PBXGroup section */

/* Begin PBXNativeTarget section */
		4E8CAD56267B90D900FA7F17 /* WickedTest */ = {
			isa = PBXNativeTarget;
			buildConfigurationList = 4E8CAD66267B90DB00FA7F17 /* Build configuration list for PBXNativeTarget "WickedTest" */;
			buildPhases = (
				4E8CAD53267B90D900FA7F17 /* Sources */,
				4E8CAD54267B90D900FA7F17 /* Frameworks */,
				4E8CAD55267B90D900FA7F17 /* Resources */,
			);
			buildRules = (
			);
			dependencies = (
			);
			name = WickedTest;
			productName = WickedTest;
			productReference = 4E8CAD57267B90D900FA7F17 /* WickedTest.app */;
			productType = "com.apple.product-type.application";
		};
/* End PBXNativeTarget section */

/* Begin PBXProject section */
		4E8CAD4F267B90D900FA7F17 /* Project object */ = {
			isa = PBXProject;
			attributes = {
				LastSwiftUpdateCheck = 1250;
				LastUpgradeCheck = 1250;
				TargetAttributes = {
					4E8CAD56267B90D900FA7F17 = {
						CreatedOnToolsVersion = 12.5;
					};
				};
			};
			buildConfigurationList = 4E8CAD52267B90D900FA7F17 /* Build configuration list for PBXProject "WickedTest" */;
			compatibilityVersion = "Xcode 9.3";
			developmentRegion = en;
			hasScannedForEncodings = 0;
			knownRegions = (
				en,
				Base,
			);
			mainGroup = 4E8CAD4E267B90D900FA7F17;
			productRefGroup = 4E8CAD58267B90D900FA7F17 /* Products */;
			projectDirPath = "";
			projectRoot = "";
			targets = (
				4E8CAD56267B90D900FA7F17 /* WickedTest */,
			);
		};
/* End PBXProject section */

/* Begin PBXResourcesBuildPhase section */
		4E8CAD55267B90D900FA7F17 /* Resources */ = {
			isa = PBXResourcesBuildPhase;
			buildActionMask = 2147483647;
			files = (
				4E8CAD62267B90DB00FA7F17 /* Preview Assets.xcassets in Resources */,
				4E8CAD5F267B90DB00FA7F17 /* Assets.xcassets in Resources */,
			);
			runOnlyForDeploymentPostprocessing = 0;
		};
/* End PBXResourcesBuildPhase section */

/* Begin PBXSourcesBuildPhase section */
		4E8CAD53267B90D900FA7F17 /* Sources */ = {
			isa = PBXSourcesBuildPhase;
			buildActionMask = 2147483647;
			files = (
				4E8CAD5D267B90D900FA7F17 /* ContentView.swift in Sources */,
				4E8CAD6D267B965A00FA7F17 /* FeedView.swift in Sources */,
				4E8CAD5B267B90D900FA7F17 /* WickedTestApp.swift in Sources */,
			);
			runOnlyForDeploymentPostprocessing = 0;
		};
/* End PBXSourcesBuildPhase section */

/* Begin XCBuildConfiguration section */
		4E8CAD64267B90DB00FA7F17 /* Debug */ = {
			isa = XCBuildConfiguration;
			buildSettings = {
				ALWAYS_SEARCH_USER_PATHS = NO;
				CLANG_ANALYZER_NONNULL = YES;
				CLANG_ANALYZER_NUMBER_OBJECT_CONVERSION = YES_AGGRESSIVE;
				CLANG_CXX_LANGUAGE_STANDARD = "gnu++14";
				CLANG_CXX_LIBRARY = "libc++";
				CLANG_ENABLE_MODULES = YES;
				CLANG_ENABLE_OBJC_ARC = YES;
				CLANG_ENABLE_OBJC_WEAK = YES;
				CLANG_WARN_BLOCK_CAPTURE_AUTORELEASING = YES;
				CLANG_WARN_BOOL_CONVERSION = YES;
				CLANG_WARN_COMMA = YES;
				CLANG_WARN_CONSTANT_CONVERSION = YES;
				CLANG_WARN_DEPRECATED_OBJC_IMPLEMENTATIONS = YES;
				CLANG_WARN_DIRECT_OBJC_ISA_USAGE = YES_ERROR;
				CLANG_WARN_DOCUMENTATION_COMMENTS = YES;
				CLANG_WARN_EMPTY_BODY = YES;
				CLANG_WARN_ENUM_CONVERSION = YES;
				CLANG_WARN_INFINITE_RECURSION = YES;
				CLANG_WARN_INT_CONVERSION = YES;
				CLANG_WARN_NON_LITERAL_NULL_CONVERSION = YES;
				CLANG_WARN_OBJC_IMPLICIT_RETAIN_SELF = YES;
				CLANG_WARN_OBJC_LITERAL_CONVERSION = YES;
				CLANG_WARN_OBJC_ROOT_CLASS = YES_ERROR;
				CLANG_WARN_QUOTED_INCLUDE_IN_FRAMEWORK_HEADER = YES;
				CLANG_WARN_RANGE_LOOP_ANALYSIS = YES;
				CLANG_WARN_STRICT_PROTOTYPES = YES;
				CLANG_WARN_SUSPICIOUS_MOVE = YES;
				CLANG_WARN_UNGUARDED_AVAILABILITY = YES_AGGRESSIVE;
				CLANG_WARN_UNREACHABLE_CODE = YES;
				CLANG_WARN__DUPLICATE_METHOD_MATCH = YES;
				COPY_PHASE_STRIP = NO;
				DEBUG_INFORMATION_FORMAT = dwarf;
				ENABLE_STRICT_OBJC_MSGSEND = YES;
				ENABLE_TESTABILITY = YES;
				GCC_C_LANGUAGE_STANDARD = gnu11;
				GCC_DYNAMIC_NO_PIC = NO;
				GCC_NO_COMMON_BLOCKS = YES;
				GCC_OPTIMIZATION_LEVEL = 0;
				GCC_PREPROCESSOR_DEFINITIONS = (
					"DEBUG=1",
					"$(inherited)",
				);
				GCC_WARN_64_TO_32_BIT_CONVERSION = YES;
				GCC_WARN_ABOUT_RETURN_TYPE = YES_ERROR;
				GCC_WARN_UNDECLARED_SELECTOR = YES;
				GCC_WARN_UNINITIALIZED_AUTOS = YES_AGGRESSIVE;
				GCC_WARN_UNUSED_FUNCTION = YES;
				GCC_WARN_UNUSED_VARIABLE = YES;
				IPHONEOS_DEPLOYMENT_TARGET = 14.5;
				MTL_ENABLE_DEBUG_INFO = INCLUDE_SOURCE;
				MTL_FAST_MATH = YES;
				ONLY_ACTIVE_ARCH = YES;
				SDKROOT = iphoneos;
				SWIFT_ACTIVE_COMPILATION_CONDITIONS = DEBUG;
				SWIFT_OPTIMIZATION_LEVEL = "-Onone";
			};
			name = Debug;
		};
		4E8CAD65267B90DB00FA7F17 /* Release */ = {
			isa = XCBuildConfiguration;
			buildSettings = {
				ALWAYS_SEARCH_USER_PATHS = NO;
				CLANG_ANALYZER_NONNULL = YES;
				CLANG_ANALYZER_NUMBER_OBJECT_CONVERSION = YES_AGGRESSIVE;
				CLANG_CXX_LANGUAGE_STANDARD = "gnu++14";
				CLANG_CXX_LIBRARY = "libc++";
				CLANG_ENABLE_MODULES = YES;
				CLANG_ENABLE_OBJC_ARC = YES;
				CLANG_ENABLE_OBJC_WEAK = YES;
				CLANG_WARN_BLOCK_CAPTURE_AUTORELEASING = YES;
				CLANG_WARN_BOOL_CONVERSION = YES;
				CLANG_WARN_COMMA = YES;
				CLANG_WARN_CONSTANT_CONVERSION = YES;
				CLANG_WARN_DEPRECATED_OBJC_IMPLEMENTATIONS = YES;
				CLANG_WARN_DIRECT_OBJC_ISA_USAGE = YES_ERROR;
				CLANG_WARN_DOCUMENTATION_COMMENTS = YES;
				CLANG_WARN_EMPTY_BODY = YES;
				CLANG_WARN_ENUM_CONVERSION = YES;
				CLANG_WARN_INFINITE_RECURSION = YES;
				CLANG_WARN_INT_CONVERSION = YES;
				CLANG_WARN_NON_LITERAL_NULL_CONVERSION = YES;
				CLANG_WARN_OBJC_IMPLICIT_RETAIN_SELF = YES;
				CLANG_WARN_OBJC_LITERAL_CONVERSION = YES;
				CLANG_WARN_OBJC_ROOT_CLASS = YES_ERROR;
				CLANG_WARN_QUOTED_INCLUDE_IN_FRAMEWORK_HEADER = YES;
				CLANG_WARN_RANGE_LOOP_ANALYSIS = YES;
				CLANG_WARN_STRICT_PROTOTYPES = YES;
				CLANG_WARN_SUSPICIOUS_MOVE = YES;
				CLANG_WARN_UNGUARDED_AVAILABILITY = YES_AGGRESSIVE;
				CLANG_WARN_UNREACHABLE_CODE = YES;
				CLANG_WARN__DUPLICATE_METHOD_MATCH = YES;
				COPY_PHASE_STRIP = NO;
				DEBUG_INFORMATION_FORMAT = "dwarf-with-dsym";
				ENABLE_NS_ASSERTIONS = NO;
				ENABLE_STRICT_OBJC_MSGSEND = YES;
				GCC_C_LANGUAGE_STANDARD = gnu11;
				GCC_NO_COMMON_BLOCKS = YES;
				GCC_WARN_64_TO_32_BIT_CONVERSION = YES;
				GCC_WARN_ABOUT_RETURN_TYPE = YES_ERROR;
				GCC_WARN_UNDECLARED_SELECTOR = YES;
				GCC_WARN_UNINITIALIZED_AUTOS = YES_AGGRESSIVE;
				GCC_WARN_UNUSED_FUNCTION = YES;
				GCC_WARN_UNUSED_VARIABLE = YES;
				IPHONEOS_DEPLOYMENT_TARGET = 14.5;
				MTL_ENABLE_DEBUG_INFO = NO;
				MTL_FAST_MATH = YES;
				SDKROOT = iphoneos;
				SWIFT_COMPILATION_MODE = wholemodule;
				SWIFT_OPTIMIZATION_LEVEL = "-O";
				VALIDATE_PRODUCT = YES;
			};
			name = Release;
		};
		4E8CAD67267B90DB00FA7F17 /* Debug */ = {
			isa = XCBuildConfiguration;
			buildSettings = {
				ASSETCATALOG_COMPILER_APPICON_NAME = AppIcon;
				ASSETCATALOG_COMPILER_GLOBAL_ACCENT_COLOR_NAME = AccentColor;
				CODE_SIGN_STYLE = Automatic;
				DEVELOPMENT_ASSET_PATHS = "\"WickedTest/Preview Content\"";
				DEVELOPMENT_TEAM = 58XKH6936U;
				ENABLE_PREVIEWS = YES;
				INFOPLIST_FILE = WickedTest/Info.plist;
				IPHONEOS_DEPLOYMENT_TARGET = 14.0;
				LD_RUNPATH_SEARCH_PATHS = (
					"$(inherited)",
					"@executable_path/Frameworks",
				);
				PRODUCT_BUNDLE_IDENTIFIER = com.pompouscatstudios.WickedTest;
				PRODUCT_NAME = "$(TARGET_NAME)";
				SWIFT_VERSION = 5.0;
				TARGETED_DEVICE_FAMILY = "1,2";
			};
			name = Debug;
		};
		4E8CAD68267B90DB00FA7F17 /* Release */ = {
			isa = XCBuildConfiguration;
			buildSettings = {
				ASSETCATALOG_COMPILER_APPICON_NAME = AppIcon;
				ASSETCATALOG_COMPILER_GLOBAL_ACCENT_COLOR_NAME = AccentColor;
				CODE_SIGN_STYLE = Automatic;
				DEVELOPMENT_ASSET_PATHS = "\"WickedTest/Preview Content\"";
				DEVELOPMENT_TEAM = 58XKH6936U;
				ENABLE_PREVIEWS = YES;
				INFOPLIST_FILE = WickedTest/Info.plist;
				IPHONEOS_DEPLOYMENT_TARGET = 14.0;
				LD_RUNPATH_SEARCH_PATHS = (
					"$(inherited)",
					"@executable_path/Frameworks",
				);
				PRODUCT_BUNDLE_IDENTIFIER = com.pompouscatstudios.WickedTest;
				PRODUCT_NAME = "$(TARGET_NAME)";
				SWIFT_VERSION = 5.0;
				TARGETED_DEVICE_FAMILY = "1,2";
			};
			name = Release;
		};
/* End XCBuildConfiguration section */

/* Begin XCConfigurationList section */
		4E8CAD52267B90D900FA7F17 /* Build configuration list for PBXProject "WickedTest" */ = {
			isa = XCConfigurationList;
			buildConfigurations = (
				4E8CAD64267B90DB00FA7F17 /* Debug */,
				4E8CAD65267B90DB00FA7F17 /* Release */,
			);
			defaultConfigurationIsVisible = 0;
			defaultConfigurationName = Release;
		};
		4E8CAD66267B90DB00FA7F17 /* Build configuration list for PBXNativeTarget "WickedTest" */ = {
			isa = XCConfigurationList;
			buildConfigurations = (
				4E8CAD67267B90DB00FA7F17 /* Debug */,
				4E8CAD68267B90DB00FA7F17 /* Release */,
			);
			defaultConfigurationIsVisible = 0;
			defaultConfigurationName = Release;
		};
/* End XCConfigurationList section */
	};
	rootObject = 4E8CAD4F267B90D900FA7F17 /* Project object */;
}
